
Microsoft Visual Studio Solution File, Format Version 12.00
# Visual Studio Version 17
VisualStudioVersion = 17.9.34622.214
MinimumVisualStudioVersion = 10.0.40219.1
Project("{FAE04EC0-301F-11D3-BF4B-00C04F79EFBC}") = "EmployeeAttrition", "EmployeeAttrition.csproj", "{FFD4A6ED-D2CC-4964-97DF-A89F84E39AA7}"
EndProject
Global
	GlobalSection(SolutionConfigurationPlatforms) = preSolution
		Debug|Any CPU = Debug|Any CPU
		Release|Any CPU = Release|Any CPU
	EndGlobalSection
	GlobalSection(ProjectConfigurationPlatforms) = postSolution
		{FFD4A6ED-D2CC-4964-97DF-A89F84E39AA7}.Debug|Any CPU.ActiveCfg = Debug|Any CPU
		{FFD4A6ED-D2CC-4964-97DF-A89F84E39AA7}.Debug|Any CPU.Build.0 = Debug|Any CPU
		{FFD4A6ED-D2CC-4964-97DF-A89F84E39AA7}.Release|Any CPU.ActiveCfg = Release|Any CPU
		{FFD4A6ED-D2CC-4964-97DF-A89F84E39AA7}.Release|Any CPU.Build.0 = Release|Any CPU
	EndGlobalSection
	GlobalSection(SolutionProperties) = preSolution
		HideSolutionNode = FALSE
	EndGlobalSection
	GlobalSection(ExtensibilityGlobals) = postSolution
		SolutionGuid = {4E331A46-E9CA-40E2-9C4B-92CF3F35B3F9}
	EndGlobalSection
EndGlobal
